
Microsoft Visual Studio Solution File, Format Version 12.00
# Visual Studio Version 17
VisualStudioVersion = 17.5.001.0
MinimumVisualStudioVersion = 10.0.40219.1
Project("{9A19103F-16F7-4668-BE54-9A1E7A4F7556}") = "Play.Catalog.Service", "Play.Catalog.Service.csproj", "{E1AD2581-2E98-4576-8C6F-9A61FA210FC5}"
EndProject
Global
	GlobalSection(SolutionConfigurationPlatforms) = preSolution
		Debug|Any CPU = Debug|Any CPU
		Release|Any CPU = Release|Any CPU
	EndGlobalSection
	GlobalSection(ProjectConfigurationPlatforms) = postSolution
		{E1AD2581-2E98-4576-8C6F-9A61FA210FC5}.Debug|Any CPU.ActiveCfg = Debug|Any CPU
		{E1AD2581-2E98-4576-8C6F-9A61FA210FC5}.Debug|Any CPU.Build.0 = Debug|Any CPU
		{E1AD2581-2E98-4576-8C6F-9A61FA210FC5}.Release|Any CPU.ActiveCfg = Release|Any CPU
		{E1AD2581-2E98-4576-8C6F-9A61FA210FC5}.Release|Any CPU.Build.0 = Release|Any CPU
	EndGlobalSection
	GlobalSection(SolutionProperties) = preSolution
		HideSolutionNode = FALSE
	EndGlobalSection
	GlobalSection(ExtensibilityGlobals) = postSolution
		SolutionGuid = {D78FEAFB-5F8E-4A58-871E-89A4BD1FE486}
	EndGlobalSection
EndGlobal
